
Microsoft Visual Studio Solution File, Format Version 12.00
# Visual Studio 14
VisualStudioVersion = 14.0.25420.1
MinimumVisualStudioVersion = 10.0.40219.1
Project("{FAE04EC0-301F-11D3-BF4B-00C04F79EFBC}") = "01.ImpressTheGirlfriend", "01.ImpressTheGirlfriend\01.ImpressTheGirlfriend.csproj", "{B7737078-9898-476B-A29B-C9649BBE3A4F}"
EndProject
Project("{FAE04EC0-301F-11D3-BF4B-00C04F79EFBC}") = "02.TakeThePlaneDown", "02.TakeThePlaneDown\02.TakeThePlaneDown.csproj", "{03A6E993-0F62-4AD8-8738-B2CB91991DF7}"
EndProject
Project("{FAE04EC0-301F-11D3-BF4B-00C04F79EFBC}") = "03.AceOfDiamonds", "03.AceOfDiamonds\03.AceOfDiamonds.csproj", "{C5C5F03B-972A-47CE-B2F3-EEF0B33E1732}"
EndProject
Global
	GlobalSection(SolutionConfigurationPlatforms) = preSolution
		Debug|Any CPU = Debug|Any CPU
		Release|Any CPU = Release|Any CPU
	EndGlobalSection
	GlobalSection(ProjectConfigurationPlatforms) = postSolution
		{B7737078-9898-476B-A29B-C9649BBE3A4F}.Debug|Any CPU.ActiveCfg = Debug|Any CPU
		{B7737078-9898-476B-A29B-C9649BBE3A4F}.Debug|Any CPU.Build.0 = Debug|Any CPU
		{B7737078-9898-476B-A29B-C9649BBE3A4F}.Release|Any CPU.ActiveCfg = Release|Any CPU
		{B7737078-9898-476B-A29B-C9649BBE3A4F}.Release|Any CPU.Build.0 = Release|Any CPU
		{03A6E993-0F62-4AD8-8738-B2CB91991DF7}.Debug|Any CPU.ActiveCfg = Debug|Any CPU
		{03A6E993-0F62-4AD8-8738-B2CB91991DF7}.Debug|Any CPU.Build.0 = Debug|Any CPU
		{03A6E993-0F62-4AD8-8738-B2CB91991DF7}.Release|Any CPU.ActiveCfg = Release|Any CPU
		{03A6E993-0F62-4AD8-8738-B2CB91991DF7}.Release|Any CPU.Build.0 = Release|Any CPU
		{C5C5F03B-972A-47CE-B2F3-EEF0B33E1732}.Debug|Any CPU.ActiveCfg = Debug|Any CPU
		{C5C5F03B-972A-47CE-B2F3-EEF0B33E1732}.Debug|Any CPU.Build.0 = Debug|Any CPU
		{C5C5F03B-972A-47CE-B2F3-EEF0B33E1732}.Release|Any CPU.ActiveCfg = Release|Any CPU
		{C5C5F03B-972A-47CE-B2F3-EEF0B33E1732}.Release|Any CPU.Build.0 = Release|Any CPU
	EndGlobalSection
	GlobalSection(SolutionProperties) = preSolution
		HideSolutionNode = FALSE
	EndGlobalSection
EndGlobal
